
Microsoft Visual Studio Solution File, Format Version 12.00
# Visual Studio Version 17
VisualStudioVersion = 17.8.34322.80
MinimumVisualStudioVersion = 10.0.40219.1
Project("{FAE04EC0-301F-11D3-BF4B-00C04F79EFBC}") = "PortfolioWebsite", "PortfolioWebsite\PortfolioWebsite.csproj", "{445077CA-409C-4D7C-B71E-C4EFB23D8049}"
EndProject
Global
	GlobalSection(SolutionConfigurationPlatforms) = preSolution
		Debug|Any CPU = Debug|Any CPU
		Release|Any CPU = Release|Any CPU
	EndGlobalSection
	GlobalSection(ProjectConfigurationPlatforms) = postSolution
		{445077CA-409C-4D7C-B71E-C4EFB23D8049}.Debug|Any CPU.ActiveCfg = Debug|Any CPU
		{445077CA-409C-4D7C-B71E-C4EFB23D8049}.Debug|Any CPU.Build.0 = Debug|Any CPU
		{445077CA-409C-4D7C-B71E-C4EFB23D8049}.Release|Any CPU.ActiveCfg = Release|Any CPU
		{445077CA-409C-4D7C-B71E-C4EFB23D8049}.Release|Any CPU.Build.0 = Release|Any CPU
	EndGlobalSection
	GlobalSection(SolutionProperties) = preSolution
		HideSolutionNode = FALSE
	EndGlobalSection
	GlobalSection(ExtensibilityGlobals) = postSolution
		SolutionGuid = {C6A8FAB2-EFB9-47D1-8322-C687434FE31D}
	EndGlobalSection
EndGlobal
